# This is a Gradle generated file for dependency locking.
# Manual edits can break the build and are not advised.
# This file is expected to be part of source control.
backport-util-concurrent:backport-util-concurrent:3.1
classworlds:classworlds:1.1-alpha-2
com.fasterxml.jackson.core:jackson-annotations:2.9.0
com.fasterxml.jackson.core:jackson-core:2.9.5
com.fasterxml.jackson.core:jackson-databind:2.9.5
com.github.andrewoma.dexx:collection:0.6
com.github.ben-manes:gradle-versions-plugin:0.20.0
com.github.jsonld-java:jsonld-java:0.8.3
com.github.spullara.mustache.java:compiler:0.7.9
com.github.virtuald:curvesapi:1.04
com.github.zafarkhaja:java-semver:0.9.0
com.google.code.findbugs:jsr305:1.3.9
com.google.code.gson:gson:2.8.0
com.google.errorprone:error_prone_annotations:2.0.18
com.google.guava:guava:23.5-jre
com.google.j2objc:j2objc-annotations:1.1
com.googlecode.javaewah:JavaEWAH:1.1.6
com.googlecode.json-simple:json-simple:1.1.1
com.gradle.publish:plugin-publish-plugin:0.9.10
com.jcabi.incubator:xembly:0.22
com.jcabi:jcabi-aspects:0.22.5
com.jcabi:jcabi-github:0.33.1
com.jcabi:jcabi-http:1.16
com.jcabi:jcabi-immutable:1.4
com.jcabi:jcabi-log:0.17.2
com.jcabi:jcabi-manifests:1.1
com.jcabi:jcabi-xml:0.18.1
com.jcraft:jsch.agentproxy.core:0.0.9
com.jcraft:jsch.agentproxy.jsch:0.0.9
com.jcraft:jsch.agentproxy.pageant:0.0.9
com.jcraft:jsch.agentproxy.sshagent:0.0.9
com.jcraft:jsch.agentproxy.usocket-jna:0.0.9
com.jcraft:jsch.agentproxy.usocket-nc:0.0.9
com.jcraft:jsch:0.1.54
com.jcraft:jzlib:1.1.1
com.jfrog.bintray.gradle:gradle-bintray-plugin:1.8.2
com.netflix.nebula:gradle-contacts-plugin:3.0.1
com.thoughtworks.xstream:xstream:1.4.10
commons-beanutils:commons-beanutils:1.8.0
commons-cli:commons-cli:1.3
commons-codec:commons-codec:1.10
commons-collections:commons-collections:3.2.1
commons-io:commons-io:2.5
commons-lang:commons-lang:2.4
commons-logging:commons-logging:1.2
cz.malohlava:visteg:1.0.3
de.gliderpilot.gradle.semantic-release:gradle-semantic-release-plugin:2.0.0-grgit2-FIDATA-SNAPSHOT
gradle.plugin.com.dorongold.plugins:task-tree:1.3
gradle.plugin.org.ysb33r.gradle:gradletest:2.0-alpha-6
io.franzbecker:gradle-lombok:1.14
javax.annotation:javax.annotation-api:1.2
javax.inject:javax.inject:1
javax.validation:validation-api:1.1.0.Final
javax.ws.rs:javax.ws.rs-api:2.0.1
junit:junit:4.10
nekohtml:nekohtml:1.9.6.2
nekohtml:xercesMinimal:1.9.6.2
net.java.dev.jna:jna-platform:4.1.0
net.java.dev.jna:jna:4.1.0
net.sf.ezmorph:ezmorph:1.0.6
net.sf.json-lib:json-lib:2.3
net.sf.opencsv:opencsv:2.3
net.sf.saxon:saxon-dom:8.7
net.sf.saxon:saxon:8.7
net.sourceforge.nekohtml:nekohtml:1.9.16
nu.validator.htmlparser:htmlparser:1.4
org.ajoberstar:gradle-git-publish:1.0.1
org.ajoberstar:gradle-stutter:0.4.0
org.ajoberstar:grgit:2.2.1
org.antlr:ST4:4.0.4
org.antlr:antlr-runtime:3.5.2
org.antlr:antlr:3.4
org.apache.ant:ant-launcher:1.8.0
org.apache.ant:ant:1.8.0
org.apache.commons:commons-collections4:4.1
org.apache.commons:commons-compress:1.16
org.apache.commons:commons-csv:1.3
org.apache.commons:commons-lang3:3.4
org.apache.httpcomponents:httpclient-cache:4.5.2
org.apache.httpcomponents:httpclient:4.5.3
org.apache.httpcomponents:httpcore:4.4.6
org.apache.ivy:ivy:2.2.0
org.apache.jena:apache-jena-libs:3.1.1
org.apache.jena:jena-arq:3.1.1
org.apache.jena:jena-base:3.1.1
org.apache.jena:jena-core:3.1.1
org.apache.jena:jena-iri:3.1.1
org.apache.jena:jena-shaded-guava:3.1.1
org.apache.jena:jena-tdb:3.1.1
org.apache.logging.log4j:log4j-api:2.10.0
org.apache.logging.log4j:log4j-core:2.10.0
org.apache.logging.log4j:log4j-slf4j-impl:2.10.0
org.apache.maven.wagon:wagon-file:1.0-beta-6
org.apache.maven.wagon:wagon-http-lightweight:1.0-beta-6
org.apache.maven.wagon:wagon-http-shared:1.0-beta-6
org.apache.maven.wagon:wagon-provider-api:1.0-beta-6
org.apache.maven:maven-ant-tasks:2.1.3
org.apache.maven:maven-artifact-manager:2.2.1
org.apache.maven:maven-artifact:2.2.1
org.apache.maven:maven-error-diagnostics:2.2.1
org.apache.maven:maven-model:3.0.4
org.apache.maven:maven-plugin-registry:2.2.1
org.apache.maven:maven-profile:2.2.1
org.apache.maven:maven-project:2.2.1
org.apache.maven:maven-repository-metadata:2.2.1
org.apache.maven:maven-settings:2.2.1
org.apache.poi:poi-ooxml-schemas:3.15
org.apache.poi:poi-ooxml:3.15
org.apache.poi:poi:3.15
org.apache.thrift:libthrift:0.9.3
org.apache.xmlbeans:xmlbeans:2.6.0
org.aspectj:aspectjrt:1.8.7
org.checkerframework:checker-qual:2.0.0
org.codehaus.gpars:gpars:1.2.1
org.codehaus.groovy.modules.http-builder:http-builder:0.7.2
org.codehaus.jsr166-mirror:jsr166y:1.7.0
org.codehaus.mojo:animal-sniffer-annotations:1.14
org.codehaus.plexus:plexus-container-default:1.0-alpha-9-stable-1
org.codehaus.plexus:plexus-interpolation:1.11
org.codehaus.plexus:plexus-utils:2.0.6
org.danilopianini:javadoc.io-linker:0.1.3
org.eclipse.jgit:org.eclipse.jgit.ui:4.11.0.201803080745-r
org.eclipse.jgit:org.eclipse.jgit:4.11.0.201803080745-r
org.glassfish.hk2.external:aopalliance-repackaged:2.4.0-b10
org.glassfish.hk2.external:javax.inject:2.4.0-b10
org.glassfish.hk2:hk2-api:2.4.0-b10
org.glassfish.hk2:hk2-locator:2.4.0-b10
org.glassfish.hk2:hk2-utils:2.4.0-b10
org.glassfish.hk2:osgi-resource-locator:1.0.1
org.glassfish.jersey.bundles.repackaged:jersey-guava:2.17
org.glassfish.jersey.core:jersey-client:2.17
org.glassfish.jersey.core:jersey-common:2.17
org.glassfish.jersey.core:jersey-server:2.17
org.glassfish.jersey.media:jersey-media-jaxb:2.17
org.glassfish:javax.json:1.0.4
org.hamcrest:hamcrest-core:1.3
org.hamcrest:hamcrest-library:1.3
org.javassist:javassist:3.18.1-GA
org.jfrog.buildinfo:build-info-api:2.11.3
org.jfrog.buildinfo:build-info-client:2.11.3
org.jfrog.buildinfo:build-info-extractor-gradle:4.7.4
org.jfrog.buildinfo:build-info-extractor:2.11.3
org.jsoup:jsoup:1.7.2
org.multiverse:multiverse-core:0.7.0
org.objenesis:objenesis:2.6
org.projectlombok:lombok:1.16.18
org.slf4j:jcl-over-slf4j:1.7.21
org.slf4j:slf4j-api:1.8.0-alpha2
org.spdx:spdx-tools:2.1.12
stax:stax-api:1.0.1
xml-resolver:xml-resolver:1.2
xmlpull:xmlpull:1.1.3.1
xpp3:xpp3_min:1.1.4c
