# This is a Gradle generated file for dependency locking.
# Manual edits can break the build and are not advised.
# This file is expected to be part of source control.
backport-util-concurrent:backport-util-concurrent:3.1
classworlds:classworlds:1.1-alpha-2
com.dorongold.task-tree:com.dorongold.task-tree.gradle.plugin:1.3.1
com.fasterxml.jackson.core:jackson-annotations:2.9.0
com.fasterxml.jackson.core:jackson-core:2.9.6
com.fasterxml.jackson.core:jackson-databind:2.9.6
com.github.andrewoma.dexx:collection:0.7
com.github.ben-manes.versions:com.github.ben-manes.versions.gradle.plugin:0.20.0
com.github.ben-manes:gradle-versions-plugin:0.20.0
com.github.cliftonlabs:json-simple:2.3.1
com.github.jsonld-java:jsonld-java:0.12.1
com.github.spullara.mustache.java:compiler:0.7.9
com.github.virtuald:curvesapi:1.04
com.github.zafarkhaja:java-semver:0.9.0
com.google.code.findbugs:jsr305:3.0.2
com.google.code.gson:gson:2.8.0
com.google.errorprone:error_prone_annotations:2.1.3
com.google.guava:guava:26.0-jre
com.google.j2objc:j2objc-annotations:1.1
com.googlecode.javaewah:JavaEWAH:1.1.6
com.gradle.plugin-publish:com.gradle.plugin-publish.gradle.plugin:0.10.0
com.gradle.publish:plugin-publish-plugin:0.10.0
com.jcabi.incubator:xembly:0.22
com.jcabi:jcabi-aspects:0.22.5
com.jcabi:jcabi-github:0.33.1
com.jcabi:jcabi-http:1.16
com.jcabi:jcabi-immutable:1.4
com.jcabi:jcabi-log:0.17.2
com.jcabi:jcabi-manifests:1.1
com.jcabi:jcabi-xml:0.18.1
com.jcraft:jsch.agentproxy.core:0.0.9
com.jcraft:jsch.agentproxy.jsch:0.0.9
com.jcraft:jsch.agentproxy.pageant:0.0.9
com.jcraft:jsch.agentproxy.sshagent:0.0.9
com.jcraft:jsch.agentproxy.usocket-jna:0.0.9
com.jcraft:jsch.agentproxy.usocket-nc:0.0.9
com.jcraft:jsch:0.1.54
com.jcraft:jzlib:1.1.1
com.jfrog.artifactory:com.jfrog.artifactory.gradle.plugin:4.8.1
com.jfrog.bintray.gradle:gradle-bintray-plugin:1.8.4
com.jfrog.bintray:com.jfrog.bintray.gradle.plugin:1.8.4
com.thoughtworks.xstream:xstream:1.4.10
commons-beanutils:commons-beanutils:1.8.0
commons-cli:commons-cli:1.4
commons-codec:commons-codec:1.11
commons-collections:commons-collections:3.2.1
commons-io:commons-io:2.6
commons-lang:commons-lang:2.4
commons-logging:commons-logging:1.2
gradle.plugin.com.dorongold.plugins:task-tree:1.3.1
gradle.plugin.org.ysb33r.gradle:gradletest:2.0-beta.3
io.franzbecker.gradle-lombok:io.franzbecker.gradle-lombok.gradle.plugin:1.14
io.franzbecker:gradle-lombok:1.14
javax.validation:validation-api:1.1.0.Final
junit:junit:4.12
nekohtml:nekohtml:1.9.6.2
nekohtml:xercesMinimal:1.9.6.2
net.java.dev.jna:jna-platform:4.1.0
net.java.dev.jna:jna:4.5.2
net.sf.ezmorph:ezmorph:1.0.6
net.sf.json-lib:json-lib:2.3
net.sf.opencsv:opencsv:2.3
net.sf.saxon:saxon-dom:8.7
net.sf.saxon:saxon:8.7
net.sourceforge.nekohtml:nekohtml:1.9.16
nu.validator.htmlparser:htmlparser:1.4
org.ajoberstar.git-publish:org.ajoberstar.git-publish.gradle.plugin:1.0.1
org.ajoberstar:gradle-git-publish:1.0.1
org.ajoberstar:grgit:2.2.1
org.antlr:ST4:4.0.4
org.antlr:antlr-runtime:3.5.2
org.antlr:antlr:3.4
org.apache.ant:ant-launcher:1.8.0
org.apache.ant:ant:1.8.0
org.apache.commons:commons-collections4:4.1
org.apache.commons:commons-compress:1.17
org.apache.commons:commons-csv:1.5
org.apache.commons:commons-lang3:3.4
org.apache.httpcomponents:httpclient-cache:4.5.5
org.apache.httpcomponents:httpclient:4.5.5
org.apache.httpcomponents:httpcore:4.4.9
org.apache.ivy:ivy:2.2.0
org.apache.jena:apache-jena-libs:3.9.0
org.apache.jena:jena-arq:3.9.0
org.apache.jena:jena-base:3.9.0
org.apache.jena:jena-core:3.9.0
org.apache.jena:jena-dboe-base:3.9.0
org.apache.jena:jena-dboe-index:3.9.0
org.apache.jena:jena-dboe-trans-data:3.9.0
org.apache.jena:jena-dboe-transaction:3.9.0
org.apache.jena:jena-iri:3.9.0
org.apache.jena:jena-rdfconnection:3.9.0
org.apache.jena:jena-shaded-guava:3.9.0
org.apache.jena:jena-tdb2:3.9.0
org.apache.jena:jena-tdb:3.9.0
org.apache.logging.log4j:log4j-api:2.10.0
org.apache.maven.wagon:wagon-file:1.0-beta-6
org.apache.maven.wagon:wagon-http-lightweight:1.0-beta-6
org.apache.maven.wagon:wagon-http-shared:1.0-beta-6
org.apache.maven.wagon:wagon-provider-api:1.0-beta-6
org.apache.maven:maven-ant-tasks:2.1.3
org.apache.maven:maven-artifact-manager:2.2.1
org.apache.maven:maven-artifact:2.2.1
org.apache.maven:maven-error-diagnostics:2.2.1
org.apache.maven:maven-model:3.0.4
org.apache.maven:maven-plugin-registry:2.2.1
org.apache.maven:maven-profile:2.2.1
org.apache.maven:maven-project:2.2.1
org.apache.maven:maven-repository-metadata:2.2.1
org.apache.maven:maven-settings:2.2.1
org.apache.poi:poi-ooxml-schemas:3.15
org.apache.poi:poi-ooxml:3.15
org.apache.poi:poi:3.15
org.apache.thrift:libthrift:0.10.0
org.apache.xbean:xbean-reflect:3.7
org.apache.xmlbeans:xmlbeans:2.6.0
org.aspectj:aspectjrt:1.8.7
org.checkerframework:checker-qual:2.5.2
org.codehaus.gpars:gpars:1.2.1
org.codehaus.groovy.modules.http-builder:http-builder:0.7.2
org.codehaus.jsr166-mirror:jsr166y:1.7.0
org.codehaus.mojo:animal-sniffer-annotations:1.14
org.codehaus.plexus:plexus-classworlds:2.5.1
org.codehaus.plexus:plexus-container-default:1.7.1
org.codehaus.plexus:plexus-interpolation:1.11
org.codehaus.plexus:plexus-utils:3.0.20
org.eclipse.jgit:org.eclipse.jgit.ui:4.11.0.201803080745-r
org.eclipse.jgit:org.eclipse.jgit:4.11.0.201803080745-r
org.fidata.gradle.semantic-release:gradle-semantic-release-plugin:2.1.0
org.hamcrest:hamcrest-core:1.3
org.hamcrest:hamcrest-library:1.3
org.jfrog.buildinfo:build-info-api:2.12.1
org.jfrog.buildinfo:build-info-client:2.12.1
org.jfrog.buildinfo:build-info-extractor-gradle:4.8.1
org.jfrog.buildinfo:build-info-extractor:2.12.1
org.jsoup:jsoup:1.7.2
org.multiverse:multiverse-core:0.7.0
org.projectlombok:lombok:1.18.4
org.slf4j:jcl-over-slf4j:1.7.25
org.spdx:spdx-tools:2.1.15
org.ysb33r.gradle:grolifant:0.9
org.ysb33r.gradletest:org.ysb33r.gradletest.gradle.plugin:2.0-beta.3
pl.pragmatists:JUnitParams:1.1.1
stax:stax-api:1.0.1
xerces:xercesImpl:2.12.0
xml-apis:xml-apis:1.4.01
xml-resolver:xml-resolver:1.2
xmlpull:xmlpull:1.1.3.1
xpp3:xpp3_min:1.1.4c
