{
    "compile": {
        "org.projectlombok:lombok": {
            "locked": "1.16.18",
            "requested": "1.16.18"
        }
    },
    "compileClasspath": {
        "com.github.ben-manes:gradle-versions-plugin": {
            "locked": "0.17.0",
            "requested": "latest.release"
        },
        "com.github.zafarkhaja:java-semver": {
            "locked": "0.9.0",
            "requested": "latest.release"
        },
        "com.google.guava:guava": {
            "locked": "23.5-jre",
            "requested": "23.5-jre"
        },
        "com.gradle.publish:plugin-publish-plugin": {
            "locked": "0.9.9",
            "requested": "0.9.9"
        },
        "com.jaredsburrows:gradle-checker-framework-plugin": {
            "locked": "0.2.0",
            "requested": "latest.release"
        },
        "com.netflix.nebula:gradle-dependency-lock-plugin": {
            "locked": "5.0.4",
            "requested": "latest.release"
        },
        "cz.malohlava:visteg": {
            "locked": "1.0.3",
            "requested": "latest.release"
        },
        "de.gliderpilot.gradle.semantic-release:gradle-semantic-release-plugin": {
            "locked": "1.4.0",
            "requested": "latest.release"
        },
        "org.ajoberstar:gradle-git-publish": {
            "locked": "0.3.2",
            "requested": "latest.release"
        },
        "org.checkerframework:checker-qual": {
            "locked": "2.3.2",
            "requested": "latest.release"
        },
        "org.jfrog.buildinfo:build-info-extractor-gradle": {
            "locked": "4.6.2",
            "requested": "latest.release"
        },
        "org.projectlombok:lombok": {
            "locked": "1.16.18",
            "requested": "1.16.18"
        },
        "org.spdx:spdx-tools": {
            "locked": "2.1.11",
            "requested": "latest.release"
        }
    },
    "compileOnly": {
        "org.checkerframework:checker-qual": {
            "locked": "2.3.2",
            "requested": "latest.release"
        }
    },
    "default": {
        "com.github.ben-manes:gradle-versions-plugin": {
            "locked": "0.17.0",
            "requested": "latest.release"
        },
        "com.github.zafarkhaja:java-semver": {
            "locked": "0.9.0",
            "requested": "latest.release"
        },
        "com.google.guava:guava": {
            "locked": "23.5-jre",
            "requested": "23.5-jre"
        },
        "com.gradle.publish:plugin-publish-plugin": {
            "locked": "0.9.9",
            "requested": "0.9.9"
        },
        "com.jaredsburrows:gradle-checker-framework-plugin": {
            "locked": "0.2.0",
            "requested": "latest.release"
        },
        "com.jfrog.bintray.gradle:gradle-bintray-plugin": {
            "locked": "1.8.0",
            "requested": "latest.release"
        },
        "com.netflix.nebula:gradle-contacts-plugin": {
            "locked": "3.0.1",
            "requested": "latest.release"
        },
        "com.netflix.nebula:gradle-dependency-lock-plugin": {
            "locked": "5.0.4",
            "requested": "latest.release"
        },
        "cz.malohlava:visteg": {
            "locked": "1.0.3",
            "requested": "latest.release"
        },
        "de.gliderpilot.gradle.semantic-release:gradle-semantic-release-plugin": {
            "locked": "1.4.0",
            "requested": "latest.release"
        },
        "gradle.plugin.com.dorongold.plugins:task-tree": {
            "locked": "1.3",
            "requested": "1.3"
        },
        "gradle.plugin.org.ysb33r.gradle:gradletest": {
            "locked": "2.0-alpha-3",
            "requested": "latest.release"
        },
        "io.franzbecker:gradle-lombok": {
            "locked": "1.11",
            "requested": "latest.release"
        },
        "org.ajoberstar:gradle-git-publish": {
            "locked": "0.3.2",
            "requested": "latest.release"
        },
        "org.ajoberstar:gradle-stutter": {
            "locked": "0.2.0",
            "requested": "latest.release"
        },
        "org.danilopianini:javadoc.io-linker": {
            "locked": "0.1.2",
            "requested": "latest.release"
        },
        "org.jfrog.buildinfo:build-info-extractor-gradle": {
            "locked": "4.6.2",
            "requested": "latest.release"
        },
        "org.projectlombok:lombok": {
            "locked": "1.16.18",
            "requested": "1.16.18"
        },
        "org.spdx:spdx-tools": {
            "locked": "2.1.11",
            "requested": "latest.release"
        }
    },
    "lombok": {
        "org.projectlombok:lombok": {
            "locked": "1.16.18",
            "requested": "1.16.18"
        }
    },
    "runtime": {
        "org.projectlombok:lombok": {
            "locked": "1.16.18",
            "requested": "1.16.18"
        }
    },
    "runtimeClasspath": {
        "com.github.ben-manes:gradle-versions-plugin": {
            "locked": "0.17.0",
            "requested": "latest.release"
        },
        "com.github.zafarkhaja:java-semver": {
            "locked": "0.9.0",
            "requested": "latest.release"
        },
        "com.google.guava:guava": {
            "locked": "23.5-jre",
            "requested": "23.5-jre"
        },
        "com.gradle.publish:plugin-publish-plugin": {
            "locked": "0.9.9",
            "requested": "0.9.9"
        },
        "com.jaredsburrows:gradle-checker-framework-plugin": {
            "locked": "0.2.0",
            "requested": "latest.release"
        },
        "com.jfrog.bintray.gradle:gradle-bintray-plugin": {
            "locked": "1.8.0",
            "requested": "latest.release"
        },
        "com.netflix.nebula:gradle-contacts-plugin": {
            "locked": "3.0.1",
            "requested": "latest.release"
        },
        "com.netflix.nebula:gradle-dependency-lock-plugin": {
            "locked": "5.0.4",
            "requested": "latest.release"
        },
        "cz.malohlava:visteg": {
            "locked": "1.0.3",
            "requested": "latest.release"
        },
        "de.gliderpilot.gradle.semantic-release:gradle-semantic-release-plugin": {
            "locked": "1.4.0",
            "requested": "latest.release"
        },
        "gradle.plugin.com.dorongold.plugins:task-tree": {
            "locked": "1.3",
            "requested": "1.3"
        },
        "gradle.plugin.org.ysb33r.gradle:gradletest": {
            "locked": "2.0-alpha-3",
            "requested": "latest.release"
        },
        "io.franzbecker:gradle-lombok": {
            "locked": "1.11",
            "requested": "latest.release"
        },
        "org.ajoberstar:gradle-git-publish": {
            "locked": "0.3.2",
            "requested": "latest.release"
        },
        "org.ajoberstar:gradle-stutter": {
            "locked": "0.2.0",
            "requested": "latest.release"
        },
        "org.danilopianini:javadoc.io-linker": {
            "locked": "0.1.2",
            "requested": "latest.release"
        },
        "org.jfrog.buildinfo:build-info-extractor-gradle": {
            "locked": "4.6.2",
            "requested": "latest.release"
        },
        "org.projectlombok:lombok": {
            "locked": "1.16.18",
            "requested": "1.16.18"
        },
        "org.spdx:spdx-tools": {
            "locked": "2.1.11",
            "requested": "latest.release"
        }
    },
    "testCompile": {
        "org.projectlombok:lombok": {
            "locked": "1.16.18",
            "requested": "1.16.18"
        }
    },
    "testCompileClasspath": {
        "com.github.ben-manes:gradle-versions-plugin": {
            "locked": "0.17.0",
            "requested": "latest.release"
        },
        "com.github.zafarkhaja:java-semver": {
            "locked": "0.9.0",
            "requested": "latest.release"
        },
        "com.google.guava:guava": {
            "locked": "23.5-jre",
            "requested": "23.5-jre"
        },
        "com.gradle.publish:plugin-publish-plugin": {
            "locked": "0.9.9",
            "requested": "0.9.9"
        },
        "com.jaredsburrows:gradle-checker-framework-plugin": {
            "locked": "0.2.0",
            "requested": "latest.release"
        },
        "com.netflix.nebula:gradle-dependency-lock-plugin": {
            "locked": "5.0.4",
            "requested": "latest.release"
        },
        "cz.malohlava:visteg": {
            "locked": "1.0.3",
            "requested": "latest.release"
        },
        "de.gliderpilot.gradle.semantic-release:gradle-semantic-release-plugin": {
            "locked": "1.4.0",
            "requested": "latest.release"
        },
        "org.ajoberstar:gradle-git-publish": {
            "locked": "0.3.2",
            "requested": "latest.release"
        },
        "org.jfrog.buildinfo:build-info-extractor-gradle": {
            "locked": "4.6.2",
            "requested": "latest.release"
        },
        "org.projectlombok:lombok": {
            "locked": "1.16.18",
            "requested": "1.16.18"
        },
        "org.spdx:spdx-tools": {
            "locked": "2.1.11",
            "requested": "latest.release"
        }
    },
    "testRuntime": {
        "org.projectlombok:lombok": {
            "locked": "1.16.18",
            "requested": "1.16.18"
        }
    },
    "testRuntimeClasspath": {
        "com.github.ben-manes:gradle-versions-plugin": {
            "locked": "0.17.0",
            "requested": "latest.release"
        },
        "com.github.zafarkhaja:java-semver": {
            "locked": "0.9.0",
            "requested": "latest.release"
        },
        "com.google.guava:guava": {
            "locked": "23.5-jre",
            "requested": "23.5-jre"
        },
        "com.gradle.publish:plugin-publish-plugin": {
            "locked": "0.9.9",
            "requested": "0.9.9"
        },
        "com.jaredsburrows:gradle-checker-framework-plugin": {
            "locked": "0.2.0",
            "requested": "latest.release"
        },
        "com.jfrog.bintray.gradle:gradle-bintray-plugin": {
            "locked": "1.8.0",
            "requested": "latest.release"
        },
        "com.netflix.nebula:gradle-contacts-plugin": {
            "locked": "3.0.1",
            "requested": "latest.release"
        },
        "com.netflix.nebula:gradle-dependency-lock-plugin": {
            "locked": "5.0.4",
            "requested": "latest.release"
        },
        "cz.malohlava:visteg": {
            "locked": "1.0.3",
            "requested": "latest.release"
        },
        "de.gliderpilot.gradle.semantic-release:gradle-semantic-release-plugin": {
            "locked": "1.4.0",
            "requested": "latest.release"
        },
        "gradle.plugin.com.dorongold.plugins:task-tree": {
            "locked": "1.3",
            "requested": "1.3"
        },
        "gradle.plugin.org.ysb33r.gradle:gradletest": {
            "locked": "2.0-alpha-3",
            "requested": "latest.release"
        },
        "io.franzbecker:gradle-lombok": {
            "locked": "1.11",
            "requested": "latest.release"
        },
        "org.ajoberstar:gradle-git-publish": {
            "locked": "0.3.2",
            "requested": "latest.release"
        },
        "org.ajoberstar:gradle-stutter": {
            "locked": "0.2.0",
            "requested": "latest.release"
        },
        "org.danilopianini:javadoc.io-linker": {
            "locked": "0.1.2",
            "requested": "latest.release"
        },
        "org.jfrog.buildinfo:build-info-extractor-gradle": {
            "locked": "4.6.2",
            "requested": "latest.release"
        },
        "org.projectlombok:lombok": {
            "locked": "1.16.18",
            "requested": "1.16.18"
        },
        "org.spdx:spdx-tools": {
            "locked": "2.1.11",
            "requested": "latest.release"
        }
    }
}